
Microsoft Visual Studio Solution File, Format Version 12.00
# Visual Studio 15
VisualStudioVersion = 15.0.28306.52
MinimumVisualStudioVersion = 10.0.40219.1
Project("{8BC9CEB8-8B4A-11D0-8D11-00A0C91BC942}") = "Chess", "Chess.vcxproj", "{181C06D0-A3C0-4731-BA81-FB7756C7990A}"
EndProject
Global
	GlobalSection(SolutionConfigurationPlatforms) = preSolution
		Debug|x64 = Debug|x64
		Debug|x86 = Debug|x86
		Release|x64 = Release|x64
		Release|x86 = Release|x86
	EndGlobalSection
	GlobalSection(ProjectConfigurationPlatforms) = postSolution
		{181C06D0-A3C0-4731-BA81-FB7756C7990A}.Debug|x64.ActiveCfg = Debug|x64
		{181C06D0-A3C0-4731-BA81-FB7756C7990A}.Debug|x64.Build.0 = Debug|x64
		{181C06D0-A3C0-4731-BA81-FB7756C7990A}.Debug|x86.ActiveCfg = Debug|Win32
		{181C06D0-A3C0-4731-BA81-FB7756C7990A}.Debug|x86.Build.0 = Debug|Win32
		{181C06D0-A3C0-4731-BA81-FB7756C7990A}.Release|x64.ActiveCfg = Release|x64
		{181C06D0-A3C0-4731-BA81-FB7756C7990A}.Release|x64.Build.0 = Release|x64
		{181C06D0-A3C0-4731-BA81-FB7756C7990A}.Release|x86.ActiveCfg = Release|Win32
		{181C06D0-A3C0-4731-BA81-FB7756C7990A}.Release|x86.Build.0 = Release|Win32
	EndGlobalSection
	GlobalSection(SolutionProperties) = preSolution
		HideSolutionNode = FALSE
	EndGlobalSection
	GlobalSection(ExtensibilityGlobals) = postSolution
		SolutionGuid = {AF6FA022-B719-4CAD-AFB3-C955ECE1A93D}
	EndGlobalSection
EndGlobal
